// !$*UTF8*$!
{
	archiveVersion = 1;
	classes = {
	};
	objectVersion = 50;
	objects = {

/* Begin PBXBuildFile section */
		D3118718265E865600FD5364 /* Player.storyboard in Resources */ = {isa = PBXBuildFile; fileRef = D3118717265E865600FD5364 /* Player.storyboard */; };
		D311871A265E869800FD5364 /* PlayerViewController.swift in Sources */ = {isa = PBXBuildFile; fileRef = D3118719265E869800FD5364 /* PlayerViewController.swift */; };
		D311871C265E99AF00FD5364 /* DefaultStyle.swift in Sources */ = {isa = PBXBuildFile; fileRef = D311871B265E99AF00FD5364 /* DefaultStyle.swift */; };
		D3EFF5612652AF3B00321DD3 /* AppDelegate.swift in Sources */ = {isa = PBXBuildFile; fileRef = D3EFF5602652AF3B00321DD3 /* AppDelegate.swift */; };
		D3EFF5632652AF3B00321DD3 /* SceneDelegate.swift in Sources */ = {isa = PBXBuildFile; fileRef = D3EFF5622652AF3B00321DD3 /* SceneDelegate.swift */; };
		D3EFF5682652AF3B00321DD3 /* Main.storyboard in Resources */ = {isa = PBXBuildFile; fileRef = D3EFF5662652AF3B00321DD3 /* Main.storyboard */; };
		D3EFF56A2652AF3D00321DD3 /* Assets.xcassets in Resources */ = {isa = PBXBuildFile; fileRef = D3EFF5692652AF3D00321DD3 /* Assets.xcassets */; };
		D3EFF56D2652AF3D00321DD3 /* LaunchScreen.storyboard in Resources */ = {isa = PBXBuildFile; fileRef = D3EFF56B2652AF3D00321DD3 /* LaunchScreen.storyboard */; };
		D3EFF5782652AF3D00321DD3 /* MusicAppTests.swift in Sources */ = {isa = PBXBuildFile; fileRef = D3EFF5772652AF3D00321DD3 /* MusicAppTests.swift */; };
		D3EFF5832652AF3D00321DD3 /* MusicAppUITests.swift in Sources */ = {isa = PBXBuildFile; fileRef = D3EFF5822652AF3D00321DD3 /* MusicAppUITests.swift */; };
		D3EFF5912652B42300321DD3 /* TrackCollectionViewCell.swift in Sources */ = {isa = PBXBuildFile; fileRef = D3EFF5902652B42300321DD3 /* TrackCollectionViewCell.swift */; };
		D3EFF5932652B5C100321DD3 /* HomeViewController.swift in Sources */ = {isa = PBXBuildFile; fileRef = D3EFF5922652B5C100321DD3 /* HomeViewController.swift */; };
		D3EFF5DE2652BD5B00321DD3 /* tranquility.mp3 in Resources */ = {isa = PBXBuildFile; fileRef = D3EFF5C82652BD5B00321DD3 /* tranquility.mp3 */; };
		D3EFF5DF2652BD5B00321DD3 /* aruarian dance [lounge version].mp3 in Resources */ = {isa = PBXBuildFile; fileRef = D3EFF5C92652BD5B00321DD3 /* aruarian dance [lounge version].mp3 */; };
		D3EFF5E02652BD5B00321DD3 /* Chamomile Tea.mp3 in Resources */ = {isa = PBXBuildFile; fileRef = D3EFF5CA2652BD5B00321DD3 /* Chamomile Tea.mp3 */; };
		D3EFF5E12652BD5B00321DD3 /* always you.mp3 in Resources */ = {isa = PBXBuildFile; fileRef = D3EFF5CB2652BD5B00321DD3 /* always you.mp3 */; };
		D3EFF5E22652BD5B00321DD3 /* night calls.mp3 in Resources */ = {isa = PBXBuildFile; fileRef = D3EFF5CC2652BD5B00321DD3 /* night calls.mp3 */; };
		D3EFF5E32652BD5B00321DD3 /* Bike Rides On The Block.mp3 in Resources */ = {isa = PBXBuildFile; fileRef = D3EFF5CD2652BD5B00321DD3 /* Bike Rides On The Block.mp3 */; };
		D3EFF5E42652BD5B00321DD3 /* elijah who - hello.mp3 in Resources */ = {isa = PBXBuildFile; fileRef = D3EFF5CE2652BD5B00321DD3 /* elijah who - hello.mp3 */; };
		D3EFF5E52652BD5B00321DD3 /* Moonlight!.mp3 in Resources */ = {isa = PBXBuildFile; fileRef = D3EFF5CF2652BD5B00321DD3 /* Moonlight!.mp3 */; };
		D3EFF5E62652BD5B00321DD3 /* [ asleep ].mp3 in Resources */ = {isa = PBXBuildFile; fileRef = D3EFF5D02652BD5B00321DD3 /* [ asleep ].mp3 */; };
		D3EFF5E72652BD5B00321DD3 /* i fell in love with you one night in september..mp3 in Resources */ = {isa = PBXBuildFile; fileRef = D3EFF5D12652BD5B00321DD3 /* i fell in love with you one night in september..mp3 */; };
		D3EFF5E82652BD5B00321DD3 /* Sleepless.mp3 in Resources */ = {isa = PBXBuildFile; fileRef = D3EFF5D22652BD5B00321DD3 /* Sleepless.mp3 */; };
		D3EFF5E92652BD5B00321DD3 /* im trying to find myself.mp3 in Resources */ = {isa = PBXBuildFile; fileRef = D3EFF5D32652BD5B00321DD3 /* im trying to find myself.mp3 */; };
		D3EFF5EA2652BD5B00321DD3 /* Ocean ride __ 海の乗り.mp3 in Resources */ = {isa = PBXBuildFile; fileRef = D3EFF5D42652BD5B00321DD3 /* Ocean ride __ 海の乗り.mp3 */; };
		D3EFF5EB2652BD5B00321DD3 /* memories (listen on spotify from 3am ep).mp3 in Resources */ = {isa = PBXBuildFile; fileRef = D3EFF5D52652BD5B00321DD3 /* memories (listen on spotify from 3am ep).mp3 */; };
		D3EFF5EC2652BD5B00321DD3 /* Sampled in your own sweet way.mp3 in Resources */ = {isa = PBXBuildFile; fileRef = D3EFF5D62652BD5B00321DD3 /* Sampled in your own sweet way.mp3 */; };
		D3EFF5ED2652BD5B00321DD3 /* distant moon (spotify apple etc).mp3 in Resources */ = {isa = PBXBuildFile; fileRef = D3EFF5D72652BD5B00321DD3 /* distant moon (spotify apple etc).mp3 */; };
		D3EFF5EE2652BD5B00321DD3 /* Missing U In The Raining Day.mp3 in Resources */ = {isa = PBXBuildFile; fileRef = D3EFF5D82652BD5B00321DD3 /* Missing U In The Raining Day.mp3 */; };
		D3EFF5EF2652BD5B00321DD3 /* valentin.mp3 in Resources */ = {isa = PBXBuildFile; fileRef = D3EFF5D92652BD5B00321DD3 /* valentin.mp3 */; };
		D3EFF5F02652BD5B00321DD3 /* when the leaves start falling.mp3 in Resources */ = {isa = PBXBuildFile; fileRef = D3EFF5DA2652BD5B00321DD3 /* when the leaves start falling.mp3 */; };
		D3EFF5F12652BD5B00321DD3 /* Letting Go.mp3 in Resources */ = {isa = PBXBuildFile; fileRef = D3EFF5DB2652BD5B00321DD3 /* Letting Go.mp3 */; };
		D3EFF5F22652BD5B00321DD3 /* Glow.mp3 in Resources */ = {isa = PBXBuildFile; fileRef = D3EFF5DC2652BD5B00321DD3 /* Glow.mp3 */; };
		D3EFF5F32652BD5B00321DD3 /* Getsomerest.mp3 in Resources */ = {isa = PBXBuildFile; fileRef = D3EFF5DD2652BD5B00321DD3 /* Getsomerest.mp3 */; };
		D3EFF5F52652C13F00321DD3 /* TrackManager.swift in Sources */ = {isa = PBXBuildFile; fileRef = D3EFF5F42652C13F00321DD3 /* TrackManager.swift */; };
		D3EFF5F72652C1CC00321DD3 /* SimplePlayer.swift in Sources */ = {isa = PBXBuildFile; fileRef = D3EFF5F62652C1CC00321DD3 /* SimplePlayer.swift */; };
		D3EFF5F92652C25500321DD3 /* Track.swift in Sources */ = {isa = PBXBuildFile; fileRef = D3EFF5F82652C25500321DD3 /* Track.swift */; };
		D3EFF5FB2652C62100321DD3 /* Extension+AVPlayerItem.swift in Sources */ = {isa = PBXBuildFile; fileRef = D3EFF5FA2652C62100321DD3 /* Extension+AVPlayerItem.swift */; };
		D3EFF5FD2657FBFD00321DD3 /* TrackCollectionHeaderView.swift in Sources */ = {isa = PBXBuildFile; fileRef = D3EFF5FC2657FBFD00321DD3 /* TrackCollectionHeaderView.swift */; };
/* End PBXBuildFile section */

/* Begin PBXContainerItemProxy section */
		D3EFF5742652AF3D00321DD3 /* PBXContainerItemProxy */ = {
			isa = PBXContainerItemProxy;
			containerPortal = D3EFF5552652AF3B00321DD3 /* Project object */;
			proxyType = 1;
			remoteGlobalIDString = D3EFF55C2652AF3B00321DD3;
			remoteInfo = MusicApp;
		};
		D3EFF57F2652AF3D00321DD3 /* PBXContainerItemProxy */ = {
			isa = PBXContainerItemProxy;
			containerPortal = D3EFF5552652AF3B00321DD3 /* Project object */;
			proxyType = 1;
			remoteGlobalIDString = D3EFF55C2652AF3B00321DD3;
			remoteInfo = MusicApp;
		};
/* End PBXContainerItemProxy section */

/* Begin PBXFileReference section */
		D3118717265E865600FD5364 /* Player.storyboard */ = {isa = PBXFileReference; lastKnownFileType = file.storyboard; path = Player.storyboard; sourceTree = "<group>"; };
		D3118719265E869800FD5364 /* PlayerViewController.swift */ = {isa = PBXFileReference; lastKnownFileType = sourcecode.swift; path = PlayerViewController.swift; sourceTree = "<group>"; };
		D311871B265E99AF00FD5364 /* DefaultStyle.swift */ = {isa = PBXFileReference; lastKnownFileType = sourcecode.swift; path = DefaultStyle.swift; sourceTree = "<group>"; };
		D3EFF55D2652AF3B00321DD3 /* MusicApp.app */ = {isa = PBXFileReference; explicitFileType = wrapper.application; includeInIndex = 0; path = MusicApp.app; sourceTree = BUILT_PRODUCTS_DIR; };
		D3EFF5602652AF3B00321DD3 /* AppDelegate.swift */ = {isa = PBXFileReference; lastKnownFileType = sourcecode.swift; path = AppDelegate.swift; sourceTree = "<group>"; };
		D3EFF5622652AF3B00321DD3 /* SceneDelegate.swift */ = {isa = PBXFileReference; lastKnownFileType = sourcecode.swift; path = SceneDelegate.swift; sourceTree = "<group>"; };
		D3EFF5672652AF3B00321DD3 /* Base */ = {isa = PBXFileReference; lastKnownFileType = file.storyboard; name = Base; path = Base.lproj/Main.storyboard; sourceTree = "<group>"; };
		D3EFF5692652AF3D00321DD3 /* Assets.xcassets */ = {isa = PBXFileReference; lastKnownFileType = folder.assetcatalog; path = Assets.xcassets; sourceTree = "<group>"; };
		D3EFF56C2652AF3D00321DD3 /* Base */ = {isa = PBXFileReference; lastKnownFileType = file.storyboard; name = Base; path = Base.lproj/LaunchScreen.storyboard; sourceTree = "<group>"; };
		D3EFF56E2652AF3D00321DD3 /* Info.plist */ = {isa = PBXFileReference; lastKnownFileType = text.plist.xml; path = Info.plist; sourceTree = "<group>"; };
		D3EFF5732652AF3D00321DD3 /* MusicAppTests.xctest */ = {isa = PBXFileReference; explicitFileType = wrapper.cfbundle; includeInIndex = 0; path = MusicAppTests.xctest; sourceTree = BUILT_PRODUCTS_DIR; };
		D3EFF5772652AF3D00321DD3 /* MusicAppTests.swift */ = {isa = PBXFileReference; lastKnownFileType = sourcecode.swift; path = MusicAppTests.swift; sourceTree = "<group>"; };
		D3EFF5792652AF3D00321DD3 /* Info.plist */ = {isa = PBXFileReference; lastKnownFileType = text.plist.xml; path = Info.plist; sourceTree = "<group>"; };
		D3EFF57E2652AF3D00321DD3 /* MusicAppUITests.xctest */ = {isa = PBXFileReference; explicitFileType = wrapper.cfbundle; includeInIndex = 0; path = MusicAppUITests.xctest; sourceTree = BUILT_PRODUCTS_DIR; };
		D3EFF5822652AF3D00321DD3 /* MusicAppUITests.swift */ = {isa = PBXFileReference; lastKnownFileType = sourcecode.swift; path = MusicAppUITests.swift; sourceTree = "<group>"; };
		D3EFF5842652AF3D00321DD3 /* Info.plist */ = {isa = PBXFileReference; lastKnownFileType = text.plist.xml; path = Info.plist; sourceTree = "<group>"; };
		D3EFF5902652B42300321DD3 /* TrackCollectionViewCell.swift */ = {isa = PBXFileReference; lastKnownFileType = sourcecode.swift; path = TrackCollectionViewCell.swift; sourceTree = "<group>"; };
		D3EFF5922652B5C100321DD3 /* HomeViewController.swift */ = {isa = PBXFileReference; lastKnownFileType = sourcecode.swift; path = HomeViewController.swift; sourceTree = "<group>"; };
		D3EFF5C82652BD5B00321DD3 /* tranquility.mp3 */ = {isa = PBXFileReference; lastKnownFileType = audio.mp3; path = tranquility.mp3; sourceTree = "<group>"; };
		D3EFF5C92652BD5B00321DD3 /* aruarian dance [lounge version].mp3 */ = {isa = PBXFileReference; lastKnownFileType = audio.mp3; path = "aruarian dance [lounge version].mp3"; sourceTree = "<group>"; };
		D3EFF5CA2652BD5B00321DD3 /* Chamomile Tea.mp3 */ = {isa = PBXFileReference; lastKnownFileType = audio.mp3; path = "Chamomile Tea.mp3"; sourceTree = "<group>"; };
		D3EFF5CB2652BD5B00321DD3 /* always you.mp3 */ = {isa = PBXFileReference; lastKnownFileType = audio.mp3; path = "always you.mp3"; sourceTree = "<group>"; };
		D3EFF5CC2652BD5B00321DD3 /* night calls.mp3 */ = {isa = PBXFileReference; lastKnownFileType = audio.mp3; path = "night calls.mp3"; sourceTree = "<group>"; };
		D3EFF5CD2652BD5B00321DD3 /* Bike Rides On The Block.mp3 */ = {isa = PBXFileReference; lastKnownFileType = audio.mp3; path = "Bike Rides On The Block.mp3"; sourceTree = "<group>"; };
		D3EFF5CE2652BD5B00321DD3 /* elijah who - hello.mp3 */ = {isa = PBXFileReference; lastKnownFileType = audio.mp3; path = "elijah who - hello.mp3"; sourceTree = "<group>"; };
		D3EFF5CF2652BD5B00321DD3 /* Moonlight!.mp3 */ = {isa = PBXFileReference; lastKnownFileType = audio.mp3; path = "Moonlight!.mp3"; sourceTree = "<group>"; };
		D3EFF5D02652BD5B00321DD3 /* [ asleep ].mp3 */ = {isa = PBXFileReference; lastKnownFileType = audio.mp3; path = "[ asleep ].mp3"; sourceTree = "<group>"; };
		D3EFF5D12652BD5B00321DD3 /* i fell in love with you one night in september..mp3 */ = {isa = PBXFileReference; lastKnownFileType = audio.mp3; path = "i fell in love with you one night in september..mp3"; sourceTree = "<group>"; };
		D3EFF5D22652BD5B00321DD3 /* Sleepless.mp3 */ = {isa = PBXFileReference; lastKnownFileType = audio.mp3; path = Sleepless.mp3; sourceTree = "<group>"; };
		D3EFF5D32652BD5B00321DD3 /* im trying to find myself.mp3 */ = {isa = PBXFileReference; lastKnownFileType = audio.mp3; path = "im trying to find myself.mp3"; sourceTree = "<group>"; };
		D3EFF5D42652BD5B00321DD3 /* Ocean ride __ 海の乗り.mp3 */ = {isa = PBXFileReference; lastKnownFileType = audio.mp3; path = "Ocean ride __ 海の乗り.mp3"; sourceTree = "<group>"; };
		D3EFF5D52652BD5B00321DD3 /* memories (listen on spotify from 3am ep).mp3 */ = {isa = PBXFileReference; lastKnownFileType = audio.mp3; path = "memories (listen on spotify from 3am ep).mp3"; sourceTree = "<group>"; };
		D3EFF5D62652BD5B00321DD3 /* Sampled in your own sweet way.mp3 */ = {isa = PBXFileReference; lastKnownFileType = audio.mp3; path = "Sampled in your own sweet way.mp3"; sourceTree = "<group>"; };
		D3EFF5D72652BD5B00321DD3 /* distant moon (spotify apple etc).mp3 */ = {isa = PBXFileReference; lastKnownFileType = audio.mp3; path = "distant moon (spotify apple etc).mp3"; sourceTree = "<group>"; };
		D3EFF5D82652BD5B00321DD3 /* Missing U In The Raining Day.mp3 */ = {isa = PBXFileReference; lastKnownFileType = audio.mp3; path = "Missing U In The Raining Day.mp3"; sourceTree = "<group>"; };
		D3EFF5D92652BD5B00321DD3 /* valentin.mp3 */ = {isa = PBXFileReference; lastKnownFileType = audio.mp3; path = valentin.mp3; sourceTree = "<group>"; };
		D3EFF5DA2652BD5B00321DD3 /* when the leaves start falling.mp3 */ = {isa = PBXFileReference; lastKnownFileType = audio.mp3; path = "when the leaves start falling.mp3"; sourceTree = "<group>"; };
		D3EFF5DB2652BD5B00321DD3 /* Letting Go.mp3 */ = {isa = PBXFileReference; lastKnownFileType = audio.mp3; path = "Letting Go.mp3"; sourceTree = "<group>"; };
		D3EFF5DC2652BD5B00321DD3 /* Glow.mp3 */ = {isa = PBXFileReference; lastKnownFileType = audio.mp3; path = Glow.mp3; sourceTree = "<group>"; };
		D3EFF5DD2652BD5B00321DD3 /* Getsomerest.mp3 */ = {isa = PBXFileReference; lastKnownFileType = audio.mp3; path = Getsomerest.mp3; sourceTree = "<group>"; };
		D3EFF5F42652C13F00321DD3 /* TrackManager.swift */ = {isa = PBXFileReference; lastKnownFileType = sourcecode.swift; path = TrackManager.swift; sourceTree = "<group>"; };
		D3EFF5F62652C1CC00321DD3 /* SimplePlayer.swift */ = {isa = PBXFileReference; lastKnownFileType = sourcecode.swift; path = SimplePlayer.swift; sourceTree = "<group>"; };
		D3EFF5F82652C25500321DD3 /* Track.swift */ = {isa = PBXFileReference; lastKnownFileType = sourcecode.swift; path = Track.swift; sourceTree = "<group>"; };
		D3EFF5FA2652C62100321DD3 /* Extension+AVPlayerItem.swift */ = {isa = PBXFileReference; lastKnownFileType = sourcecode.swift; path = "Extension+AVPlayerItem.swift"; sourceTree = "<group>"; };
		D3EFF5FC2657FBFD00321DD3 /* TrackCollectionHeaderView.swift */ = {isa = PBXFileReference; lastKnownFileType = sourcecode.swift; path = TrackCollectionHeaderView.swift; sourceTree = "<group>"; };
/* End PBXFileReference section */

/* Begin PBXFrameworksBuildPhase section */
		D3EFF55A2652AF3B00321DD3 /* Frameworks */ = {
			isa = PBXFrameworksBuildPhase;
			buildActionMask = 2147483647;
			files = (
			);
			runOnlyForDeploymentPostprocessing = 0;
		};
		D3EFF5702652AF3D00321DD3 /* Frameworks */ = {
			isa = PBXFrameworksBuildPhase;
			buildActionMask = 2147483647;
			files = (
			);
			runOnlyForDeploymentPostprocessing = 0;
		};
		D3EFF57B2652AF3D00321DD3 /* Frameworks */ = {
			isa = PBXFrameworksBuildPhase;
			buildActionMask = 2147483647;
			files = (
			);
			runOnlyForDeploymentPostprocessing = 0;
		};
/* End PBXFrameworksBuildPhase section */

/* Begin PBXGroup section */
		D3EFF5542652AF3B00321DD3 = {
			isa = PBXGroup;
			children = (
				D3EFF55F2652AF3B00321DD3 /* MusicApp */,
				D3EFF5762652AF3D00321DD3 /* MusicAppTests */,
				D3EFF5812652AF3D00321DD3 /* MusicAppUITests */,
				D3EFF55E2652AF3B00321DD3 /* Products */,
			);
			sourceTree = "<group>";
		};
		D3EFF55E2652AF3B00321DD3 /* Products */ = {
			isa = PBXGroup;
			children = (
				D3EFF55D2652AF3B00321DD3 /* MusicApp.app */,
				D3EFF5732652AF3D00321DD3 /* MusicAppTests.xctest */,
				D3EFF57E2652AF3D00321DD3 /* MusicAppUITests.xctest */,
			);
			name = Products;
			sourceTree = "<group>";
		};
		D3EFF55F2652AF3B00321DD3 /* MusicApp */ = {
			isa = PBXGroup;
			children = (
				D3EFF5C12652BABB00321DD3 /* Home */,
				D3EFF5C32652BAC600321DD3 /* Player */,
				D3EFF5C42652BACA00321DD3 /* Track */,
				D3EFF5C52652BADD00321DD3 /* Style */,
				D3EFF5602652AF3B00321DD3 /* AppDelegate.swift */,
				D3EFF5622652AF3B00321DD3 /* SceneDelegate.swift */,
				D3EFF5692652AF3D00321DD3 /* Assets.xcassets */,
				D3EFF56B2652AF3D00321DD3 /* LaunchScreen.storyboard */,
				D3EFF56E2652AF3D00321DD3 /* Info.plist */,
				D3EFF5942652BA6900321DD3 /* Resource */,
			);
			path = MusicApp;
			sourceTree = "<group>";
		};
		D3EFF5762652AF3D00321DD3 /* MusicAppTests */ = {
			isa = PBXGroup;
			children = (
				D3EFF5772652AF3D00321DD3 /* MusicAppTests.swift */,
				D3EFF5792652AF3D00321DD3 /* Info.plist */,
			);
			path = MusicAppTests;
			sourceTree = "<group>";
		};
		D3EFF5812652AF3D00321DD3 /* MusicAppUITests */ = {
			isa = PBXGroup;
			children = (
				D3EFF5822652AF3D00321DD3 /* MusicAppUITests.swift */,
				D3EFF5842652AF3D00321DD3 /* Info.plist */,
			);
			path = MusicAppUITests;
			sourceTree = "<group>";
		};
		D3EFF5942652BA6900321DD3 /* Resource */ = {
			isa = PBXGroup;
			children = (
				D3EFF5D02652BD5B00321DD3 /* [ asleep ].mp3 */,
				D3EFF5CB2652BD5B00321DD3 /* always you.mp3 */,
				D3EFF5C92652BD5B00321DD3 /* aruarian dance [lounge version].mp3 */,
				D3EFF5CD2652BD5B00321DD3 /* Bike Rides On The Block.mp3 */,
				D3EFF5CA2652BD5B00321DD3 /* Chamomile Tea.mp3 */,
				D3EFF5D72652BD5B00321DD3 /* distant moon (spotify apple etc).mp3 */,
				D3EFF5CE2652BD5B00321DD3 /* elijah who - hello.mp3 */,
				D3EFF5DD2652BD5B00321DD3 /* Getsomerest.mp3 */,
				D3EFF5DC2652BD5B00321DD3 /* Glow.mp3 */,
				D3EFF5D12652BD5B00321DD3 /* i fell in love with you one night in september..mp3 */,
				D3EFF5D32652BD5B00321DD3 /* im trying to find myself.mp3 */,
				D3EFF5DB2652BD5B00321DD3 /* Letting Go.mp3 */,
				D3EFF5D52652BD5B00321DD3 /* memories (listen on spotify from 3am ep).mp3 */,
				D3EFF5D82652BD5B00321DD3 /* Missing U In The Raining Day.mp3 */,
				D3EFF5CF2652BD5B00321DD3 /* Moonlight!.mp3 */,
				D3EFF5CC2652BD5B00321DD3 /* night calls.mp3 */,
				D3EFF5D42652BD5B00321DD3 /* Ocean ride __ 海の乗り.mp3 */,
				D3EFF5D62652BD5B00321DD3 /* Sampled in your own sweet way.mp3 */,
				D3EFF5D22652BD5B00321DD3 /* Sleepless.mp3 */,
				D3EFF5C82652BD5B00321DD3 /* tranquility.mp3 */,
				D3EFF5D92652BD5B00321DD3 /* valentin.mp3 */,
				D3EFF5DA2652BD5B00321DD3 /* when the leaves start falling.mp3 */,
			);
			path = Resource;
			sourceTree = "<group>";
		};
		D3EFF5C12652BABB00321DD3 /* Home */ = {
			isa = PBXGroup;
			children = (
				D3EFF5662652AF3B00321DD3 /* Main.storyboard */,
				D3EFF5922652B5C100321DD3 /* HomeViewController.swift */,
				D3EFF5902652B42300321DD3 /* TrackCollectionViewCell.swift */,
				D3EFF5FC2657FBFD00321DD3 /* TrackCollectionHeaderView.swift */,
			);
			path = Home;
			sourceTree = "<group>";
		};
		D3EFF5C32652BAC600321DD3 /* Player */ = {
			isa = PBXGroup;
			children = (
				D3118719265E869800FD5364 /* PlayerViewController.swift */,
				D3EFF5F62652C1CC00321DD3 /* SimplePlayer.swift */,
				D3118717265E865600FD5364 /* Player.storyboard */,
			);
			path = Player;
			sourceTree = "<group>";
		};
		D3EFF5C42652BACA00321DD3 /* Track */ = {
			isa = PBXGroup;
			children = (
				D3EFF5F42652C13F00321DD3 /* TrackManager.swift */,
				D3EFF5F82652C25500321DD3 /* Track.swift */,
				D3EFF5FA2652C62100321DD3 /* Extension+AVPlayerItem.swift */,
			);
			path = Track;
			sourceTree = "<group>";
		};
		D3EFF5C52652BADD00321DD3 /* Style */ = {
			isa = PBXGroup;
			children = (
				D311871B265E99AF00FD5364 /* DefaultStyle.swift */,
			);
			path = Style;
			sourceTree = "<group>";
		};
/* End PBXGroup section */

/* Begin PBXNativeTarget section */
		D3EFF55C2652AF3B00321DD3 /* MusicApp */ = {
			isa = PBXNativeTarget;
			buildConfigurationList = D3EFF5872652AF3D00321DD3 /* Build configuration list for PBXNativeTarget "MusicApp" */;
			buildPhases = (
				D3EFF5592652AF3B00321DD3 /* Sources */,
				D3EFF55A2652AF3B00321DD3 /* Frameworks */,
				D3EFF55B2652AF3B00321DD3 /* Resources */,
			);
			buildRules = (
			);
			dependencies = (
			);
			name = MusicApp;
			productName = MusicApp;
			productReference = D3EFF55D2652AF3B00321DD3 /* MusicApp.app */;
			productType = "com.apple.product-type.application";
		};
		D3EFF5722652AF3D00321DD3 /* MusicAppTests */ = {
			isa = PBXNativeTarget;
			buildConfigurationList = D3EFF58A2652AF3D00321DD3 /* Build configuration list for PBXNativeTarget "MusicAppTests" */;
			buildPhases = (
				D3EFF56F2652AF3D00321DD3 /* Sources */,
				D3EFF5702652AF3D00321DD3 /* Frameworks */,
				D3EFF5712652AF3D00321DD3 /* Resources */,
			);
			buildRules = (
			);
			dependencies = (
				D3EFF5752652AF3D00321DD3 /* PBXTargetDependency */,
			);
			name = MusicAppTests;
			productName = MusicAppTests;
			productReference = D3EFF5732652AF3D00321DD3 /* MusicAppTests.xctest */;
			productType = "com.apple.product-type.bundle.unit-test";
		};
		D3EFF57D2652AF3D00321DD3 /* MusicAppUITests */ = {
			isa = PBXNativeTarget;
			buildConfigurationList = D3EFF58D2652AF3D00321DD3 /* Build configuration list for PBXNativeTarget "MusicAppUITests" */;
			buildPhases = (
				D3EFF57A2652AF3D00321DD3 /* Sources */,
				D3EFF57B2652AF3D00321DD3 /* Frameworks */,
				D3EFF57C2652AF3D00321DD3 /* Resources */,
			);
			buildRules = (
			);
			dependencies = (
				D3EFF5802652AF3D00321DD3 /* PBXTargetDependency */,
			);
			name = MusicAppUITests;
			productName = MusicAppUITests;
			productReference = D3EFF57E2652AF3D00321DD3 /* MusicAppUITests.xctest */;
			productType = "com.apple.product-type.bundle.ui-testing";
		};
/* End PBXNativeTarget section */

/* Begin PBXProject section */
		D3EFF5552652AF3B00321DD3 /* Project object */ = {
			isa = PBXProject;
			attributes = {
				LastSwiftUpdateCheck = 1250;
				LastUpgradeCheck = 1250;
				TargetAttributes = {
					D3EFF55C2652AF3B00321DD3 = {
						CreatedOnToolsVersion = 12.5;
					};
					D3EFF5722652AF3D00321DD3 = {
						CreatedOnToolsVersion = 12.5;
						TestTargetID = D3EFF55C2652AF3B00321DD3;
					};
					D3EFF57D2652AF3D00321DD3 = {
						CreatedOnToolsVersion = 12.5;
						TestTargetID = D3EFF55C2652AF3B00321DD3;
					};
				};
			};
			buildConfigurationList = D3EFF5582652AF3B00321DD3 /* Build configuration list for PBXProject "MusicApp" */;
			compatibilityVersion = "Xcode 9.3";
			developmentRegion = en;
			hasScannedForEncodings = 0;
			knownRegions = (
				en,
				Base,
			);
			mainGroup = D3EFF5542652AF3B00321DD3;
			productRefGroup = D3EFF55E2652AF3B00321DD3 /* Products */;
			projectDirPath = "";
			projectRoot = "";
			targets = (
				D3EFF55C2652AF3B00321DD3 /* MusicApp */,
				D3EFF5722652AF3D00321DD3 /* MusicAppTests */,
				D3EFF57D2652AF3D00321DD3 /* MusicAppUITests */,
			);
		};
/* End PBXProject section */

/* Begin PBXResourcesBuildPhase section */
		D3EFF55B2652AF3B00321DD3 /* Resources */ = {
			isa = PBXResourcesBuildPhase;
			buildActionMask = 2147483647;
			files = (
				D3EFF5E92652BD5B00321DD3 /* im trying to find myself.mp3 in Resources */,
				D3EFF5F12652BD5B00321DD3 /* Letting Go.mp3 in Resources */,
				D3EFF5E32652BD5B00321DD3 /* Bike Rides On The Block.mp3 in Resources */,
				D3EFF5EE2652BD5B00321DD3 /* Missing U In The Raining Day.mp3 in Resources */,
				D3EFF5ED2652BD5B00321DD3 /* distant moon (spotify apple etc).mp3 in Resources */,
				D3118718265E865600FD5364 /* Player.storyboard in Resources */,
				D3EFF5EC2652BD5B00321DD3 /* Sampled in your own sweet way.mp3 in Resources */,
				D3EFF5EA2652BD5B00321DD3 /* Ocean ride __ 海の乗り.mp3 in Resources */,
				D3EFF56D2652AF3D00321DD3 /* LaunchScreen.storyboard in Resources */,
				D3EFF5E62652BD5B00321DD3 /* [ asleep ].mp3 in Resources */,
				D3EFF5EF2652BD5B00321DD3 /* valentin.mp3 in Resources */,
				D3EFF5E12652BD5B00321DD3 /* always you.mp3 in Resources */,
				D3EFF5DF2652BD5B00321DD3 /* aruarian dance [lounge version].mp3 in Resources */,
				D3EFF5E02652BD5B00321DD3 /* Chamomile Tea.mp3 in Resources */,
				D3EFF5EB2652BD5B00321DD3 /* memories (listen on spotify from 3am ep).mp3 in Resources */,
				D3EFF5E52652BD5B00321DD3 /* Moonlight!.mp3 in Resources */,
				D3EFF5F22652BD5B00321DD3 /* Glow.mp3 in Resources */,
				D3EFF5E82652BD5B00321DD3 /* Sleepless.mp3 in Resources */,
				D3EFF5F02652BD5B00321DD3 /* when the leaves start falling.mp3 in Resources */,
				D3EFF56A2652AF3D00321DD3 /* Assets.xcassets in Resources */,
				D3EFF5E42652BD5B00321DD3 /* elijah who - hello.mp3 in Resources */,
				D3EFF5682652AF3B00321DD3 /* Main.storyboard in Resources */,
				D3EFF5F32652BD5B00321DD3 /* Getsomerest.mp3 in Resources */,
				D3EFF5E72652BD5B00321DD3 /* i fell in love with you one night in september..mp3 in Resources */,
				D3EFF5E22652BD5B00321DD3 /* night calls.mp3 in Resources */,
				D3EFF5DE2652BD5B00321DD3 /* tranquility.mp3 in Resources */,
			);
			runOnlyForDeploymentPostprocessing = 0;
		};
		D3EFF5712652AF3D00321DD3 /* Resources */ = {
			isa = PBXResourcesBuildPhase;
			buildActionMask = 2147483647;
			files = (
			);
			runOnlyForDeploymentPostprocessing = 0;
		};
		D3EFF57C2652AF3D00321DD3 /* Resources */ = {
			isa = PBXResourcesBuildPhase;
			buildActionMask = 2147483647;
			files = (
			);
			runOnlyForDeploymentPostprocessing = 0;
		};
/* End PBXResourcesBuildPhase section */

/* Begin PBXSourcesBuildPhase section */
		D3EFF5592652AF3B00321DD3 /* Sources */ = {
			isa = PBXSourcesBuildPhase;
			buildActionMask = 2147483647;
			files = (
				D3EFF5912652B42300321DD3 /* TrackCollectionViewCell.swift in Sources */,
				D3EFF5F72652C1CC00321DD3 /* SimplePlayer.swift in Sources */,
				D311871C265E99AF00FD5364 /* DefaultStyle.swift in Sources */,
				D3EFF5F52652C13F00321DD3 /* TrackManager.swift in Sources */,
				D3EFF5F92652C25500321DD3 /* Track.swift in Sources */,
				D3EFF5FB2652C62100321DD3 /* Extension+AVPlayerItem.swift in Sources */,
				D3EFF5612652AF3B00321DD3 /* AppDelegate.swift in Sources */,
				D3EFF5632652AF3B00321DD3 /* SceneDelegate.swift in Sources */,
				D3EFF5932652B5C100321DD3 /* HomeViewController.swift in Sources */,
				D3EFF5FD2657FBFD00321DD3 /* TrackCollectionHeaderView.swift in Sources */,
				D311871A265E869800FD5364 /* PlayerViewController.swift in Sources */,
			);
			runOnlyForDeploymentPostprocessing = 0;
		};
		D3EFF56F2652AF3D00321DD3 /* Sources */ = {
			isa = PBXSourcesBuildPhase;
			buildActionMask = 2147483647;
			files = (
				D3EFF5782652AF3D00321DD3 /* MusicAppTests.swift in Sources */,
			);
			runOnlyForDeploymentPostprocessing = 0;
		};
		D3EFF57A2652AF3D00321DD3 /* Sources */ = {
			isa = PBXSourcesBuildPhase;
			buildActionMask = 2147483647;
			files = (
				D3EFF5832652AF3D00321DD3 /* MusicAppUITests.swift in Sources */,
			);
			runOnlyForDeploymentPostprocessing = 0;
		};
/* End PBXSourcesBuildPhase section */

/* Begin PBXTargetDependency section */
		D3EFF5752652AF3D00321DD3 /* PBXTargetDependency */ = {
			isa = PBXTargetDependency;
			target = D3EFF55C2652AF3B00321DD3 /* MusicApp */;
			targetProxy = D3EFF5742652AF3D00321DD3 /* PBXContainerItemProxy */;
		};
		D3EFF5802652AF3D00321DD3 /* PBXTargetDependency */ = {
			isa = PBXTargetDependency;
			target = D3EFF55C2652AF3B00321DD3 /* MusicApp */;
			targetProxy = D3EFF57F2652AF3D00321DD3 /* PBXContainerItemProxy */;
		};
/* End PBXTargetDependency section */

/* Begin PBXVariantGroup section */
		D3EFF5662652AF3B00321DD3 /* Main.storyboard */ = {
			isa = PBXVariantGroup;
			children = (
				D3EFF5672652AF3B00321DD3 /* Base */,
			);
			name = Main.storyboard;
			sourceTree = "<group>";
		};
		D3EFF56B2652AF3D00321DD3 /* LaunchScreen.storyboard */ = {
			isa = PBXVariantGroup;
			children = (
				D3EFF56C2652AF3D00321DD3 /* Base */,
			);
			name = LaunchScreen.storyboard;
			sourceTree = "<group>";
		};
/* End PBXVariantGroup section */

/* Begin XCBuildConfiguration section */
		D3EFF5852652AF3D00321DD3 /* Debug */ = {
			isa = XCBuildConfiguration;
			buildSettings = {
				ALWAYS_SEARCH_USER_PATHS = NO;
				CLANG_ANALYZER_NONNULL = YES;
				CLANG_ANALYZER_NUMBER_OBJECT_CONVERSION = YES_AGGRESSIVE;
				CLANG_CXX_LANGUAGE_STANDARD = "gnu++14";
				CLANG_CXX_LIBRARY = "libc++";
				CLANG_ENABLE_MODULES = YES;
				CLANG_ENABLE_OBJC_ARC = YES;
				CLANG_ENABLE_OBJC_WEAK = YES;
				CLANG_WARN_BLOCK_CAPTURE_AUTORELEASING = YES;
				CLANG_WARN_BOOL_CONVERSION = YES;
				CLANG_WARN_COMMA = YES;
				CLANG_WARN_CONSTANT_CONVERSION = YES;
				CLANG_WARN_DEPRECATED_OBJC_IMPLEMENTATIONS = YES;
				CLANG_WARN_DIRECT_OBJC_ISA_USAGE = YES_ERROR;
				CLANG_WARN_DOCUMENTATION_COMMENTS = YES;
				CLANG_WARN_EMPTY_BODY = YES;
				CLANG_WARN_ENUM_CONVERSION = YES;
				CLANG_WARN_INFINITE_RECURSION = YES;
				CLANG_WARN_INT_CONVERSION = YES;
				CLANG_WARN_NON_LITERAL_NULL_CONVERSION = YES;
				CLANG_WARN_OBJC_IMPLICIT_RETAIN_SELF = YES;
				CLANG_WARN_OBJC_LITERAL_CONVERSION = YES;
				CLANG_WARN_OBJC_ROOT_CLASS = YES_ERROR;
				CLANG_WARN_QUOTED_INCLUDE_IN_FRAMEWORK_HEADER = YES;
				CLANG_WARN_RANGE_LOOP_ANALYSIS = YES;
				CLANG_WARN_STRICT_PROTOTYPES = YES;
				CLANG_WARN_SUSPICIOUS_MOVE = YES;
				CLANG_WARN_UNGUARDED_AVAILABILITY = YES_AGGRESSIVE;
				CLANG_WARN_UNREACHABLE_CODE = YES;
				CLANG_WARN__DUPLICATE_METHOD_MATCH = YES;
				COPY_PHASE_STRIP = NO;
				DEBUG_INFORMATION_FORMAT = dwarf;
				ENABLE_STRICT_OBJC_MSGSEND = YES;
				ENABLE_TESTABILITY = YES;
				GCC_C_LANGUAGE_STANDARD = gnu11;
				GCC_DYNAMIC_NO_PIC = NO;
				GCC_NO_COMMON_BLOCKS = YES;
				GCC_OPTIMIZATION_LEVEL = 0;
				GCC_PREPROCESSOR_DEFINITIONS = (
					"DEBUG=1",
					"$(inherited)",
				);
				GCC_WARN_64_TO_32_BIT_CONVERSION = YES;
				GCC_WARN_ABOUT_RETURN_TYPE = YES_ERROR;
				GCC_WARN_UNDECLARED_SELECTOR = YES;
				GCC_WARN_UNINITIALIZED_AUTOS = YES_AGGRESSIVE;
				GCC_WARN_UNUSED_FUNCTION = YES;
				GCC_WARN_UNUSED_VARIABLE = YES;
				IPHONEOS_DEPLOYMENT_TARGET = 14.5;
				MTL_ENABLE_DEBUG_INFO = INCLUDE_SOURCE;
				MTL_FAST_MATH = YES;
				ONLY_ACTIVE_ARCH = YES;
				SDKROOT = iphoneos;
				SWIFT_ACTIVE_COMPILATION_CONDITIONS = DEBUG;
				SWIFT_OPTIMIZATION_LEVEL = "-Onone";
			};
			name = Debug;
		};
		D3EFF5862652AF3D00321DD3 /* Release */ = {
			isa = XCBuildConfiguration;
			buildSettings = {
				ALWAYS_SEARCH_USER_PATHS = NO;
				CLANG_ANALYZER_NONNULL = YES;
				CLANG_ANALYZER_NUMBER_OBJECT_CONVERSION = YES_AGGRESSIVE;
				CLANG_CXX_LANGUAGE_STANDARD = "gnu++14";
				CLANG_CXX_LIBRARY = "libc++";
				CLANG_ENABLE_MODULES = YES;
				CLANG_ENABLE_OBJC_ARC = YES;
				CLANG_ENABLE_OBJC_WEAK = YES;
				CLANG_WARN_BLOCK_CAPTURE_AUTORELEASING = YES;
				CLANG_WARN_BOOL_CONVERSION = YES;
				CLANG_WARN_COMMA = YES;
				CLANG_WARN_CONSTANT_CONVERSION = YES;
				CLANG_WARN_DEPRECATED_OBJC_IMPLEMENTATIONS = YES;
				CLANG_WARN_DIRECT_OBJC_ISA_USAGE = YES_ERROR;
				CLANG_WARN_DOCUMENTATION_COMMENTS = YES;
				CLANG_WARN_EMPTY_BODY = YES;
				CLANG_WARN_ENUM_CONVERSION = YES;
				CLANG_WARN_INFINITE_RECURSION = YES;
				CLANG_WARN_INT_CONVERSION = YES;
				CLANG_WARN_NON_LITERAL_NULL_CONVERSION = YES;
				CLANG_WARN_OBJC_IMPLICIT_RETAIN_SELF = YES;
				CLANG_WARN_OBJC_LITERAL_CONVERSION = YES;
				CLANG_WARN_OBJC_ROOT_CLASS = YES_ERROR;
				CLANG_WARN_QUOTED_INCLUDE_IN_FRAMEWORK_HEADER = YES;
				CLANG_WARN_RANGE_LOOP_ANALYSIS = YES;
				CLANG_WARN_STRICT_PROTOTYPES = YES;
				CLANG_WARN_SUSPICIOUS_MOVE = YES;
				CLANG_WARN_UNGUARDED_AVAILABILITY = YES_AGGRESSIVE;
				CLANG_WARN_UNREACHABLE_CODE = YES;
				CLANG_WARN__DUPLICATE_METHOD_MATCH = YES;
				COPY_PHASE_STRIP = NO;
				DEBUG_INFORMATION_FORMAT = "dwarf-with-dsym";
				ENABLE_NS_ASSERTIONS = NO;
				ENABLE_STRICT_OBJC_MSGSEND = YES;
				GCC_C_LANGUAGE_STANDARD = gnu11;
				GCC_NO_COMMON_BLOCKS = YES;
				GCC_WARN_64_TO_32_BIT_CONVERSION = YES;
				GCC_WARN_ABOUT_RETURN_TYPE = YES_ERROR;
				GCC_WARN_UNDECLARED_SELECTOR = YES;
				GCC_WARN_UNINITIALIZED_AUTOS = YES_AGGRESSIVE;
				GCC_WARN_UNUSED_FUNCTION = YES;
				GCC_WARN_UNUSED_VARIABLE = YES;
				IPHONEOS_DEPLOYMENT_TARGET = 14.5;
				MTL_ENABLE_DEBUG_INFO = NO;
				MTL_FAST_MATH = YES;
				SDKROOT = iphoneos;
				SWIFT_COMPILATION_MODE = wholemodule;
				SWIFT_OPTIMIZATION_LEVEL = "-O";
				VALIDATE_PRODUCT = YES;
			};
			name = Release;
		};
		D3EFF5882652AF3D00321DD3 /* Debug */ = {
			isa = XCBuildConfiguration;
			buildSettings = {
				ASSETCATALOG_COMPILER_APPICON_NAME = AppIcon;
				ASSETCATALOG_COMPILER_GLOBAL_ACCENT_COLOR_NAME = AccentColor;
				CODE_SIGN_STYLE = Automatic;
				INFOPLIST_FILE = MusicApp/Info.plist;
				LD_RUNPATH_SEARCH_PATHS = (
					"$(inherited)",
					"@executable_path/Frameworks",
				);
				PRODUCT_BUNDLE_IDENTIFIER = com.jayden.MusicApp;
				PRODUCT_NAME = "$(TARGET_NAME)";
				SWIFT_VERSION = 5.0;
				TARGETED_DEVICE_FAMILY = "1,2";
			};
			name = Debug;
		};
		D3EFF5892652AF3D00321DD3 /* Release */ = {
			isa = XCBuildConfiguration;
			buildSettings = {
				ASSETCATALOG_COMPILER_APPICON_NAME = AppIcon;
				ASSETCATALOG_COMPILER_GLOBAL_ACCENT_COLOR_NAME = AccentColor;
				CODE_SIGN_STYLE = Automatic;
				INFOPLIST_FILE = MusicApp/Info.plist;
				LD_RUNPATH_SEARCH_PATHS = (
					"$(inherited)",
					"@executable_path/Frameworks",
				);
				PRODUCT_BUNDLE_IDENTIFIER = com.jayden.MusicApp;
				PRODUCT_NAME = "$(TARGET_NAME)";
				SWIFT_VERSION = 5.0;
				TARGETED_DEVICE_FAMILY = "1,2";
			};
			name = Release;
		};
		D3EFF58B2652AF3D00321DD3 /* Debug */ = {
			isa = XCBuildConfiguration;
			buildSettings = {
				ALWAYS_EMBED_SWIFT_STANDARD_LIBRARIES = YES;
				BUNDLE_LOADER = "$(TEST_HOST)";
				CODE_SIGN_STYLE = Automatic;
				INFOPLIST_FILE = MusicAppTests/Info.plist;
				IPHONEOS_DEPLOYMENT_TARGET = 14.5;
				LD_RUNPATH_SEARCH_PATHS = (
					"$(inherited)",
					"@executable_path/Frameworks",
					"@loader_path/Frameworks",
				);
				PRODUCT_BUNDLE_IDENTIFIER = com.jayden.MusicAppTests;
				PRODUCT_NAME = "$(TARGET_NAME)";
				SWIFT_VERSION = 5.0;
				TARGETED_DEVICE_FAMILY = "1,2";
				TEST_HOST = "$(BUILT_PRODUCTS_DIR)/MusicApp.app/MusicApp";
			};
			name = Debug;
		};
		D3EFF58C2652AF3D00321DD3 /* Release */ = {
			isa = XCBuildConfiguration;
			buildSettings = {
				ALWAYS_EMBED_SWIFT_STANDARD_LIBRARIES = YES;
				BUNDLE_LOADER = "$(TEST_HOST)";
				CODE_SIGN_STYLE = Automatic;
				INFOPLIST_FILE = MusicAppTests/Info.plist;
				IPHONEOS_DEPLOYMENT_TARGET = 14.5;
				LD_RUNPATH_SEARCH_PATHS = (
					"$(inherited)",
					"@executable_path/Frameworks",
					"@loader_path/Frameworks",
				);
				PRODUCT_BUNDLE_IDENTIFIER = com.jayden.MusicAppTests;
				PRODUCT_NAME = "$(TARGET_NAME)";
				SWIFT_VERSION = 5.0;
				TARGETED_DEVICE_FAMILY = "1,2";
				TEST_HOST = "$(BUILT_PRODUCTS_DIR)/MusicApp.app/MusicApp";
			};
			name = Release;
		};
		D3EFF58E2652AF3D00321DD3 /* Debug */ = {
			isa = XCBuildConfiguration;
			buildSettings = {
				ALWAYS_EMBED_SWIFT_STANDARD_LIBRARIES = YES;
				CODE_SIGN_STYLE = Automatic;
				INFOPLIST_FILE = MusicAppUITests/Info.plist;
				LD_RUNPATH_SEARCH_PATHS = (
					"$(inherited)",
					"@executable_path/Frameworks",
					"@loader_path/Frameworks",
				);
				PRODUCT_BUNDLE_IDENTIFIER = com.jayden.MusicAppUITests;
				PRODUCT_NAME = "$(TARGET_NAME)";
				SWIFT_VERSION = 5.0;
				TARGETED_DEVICE_FAMILY = "1,2";
				TEST_TARGET_NAME = MusicApp;
			};
			name = Debug;
		};
		D3EFF58F2652AF3D00321DD3 /* Release */ = {
			isa = XCBuildConfiguration;
			buildSettings = {
				ALWAYS_EMBED_SWIFT_STANDARD_LIBRARIES = YES;
				CODE_SIGN_STYLE = Automatic;
				INFOPLIST_FILE = MusicAppUITests/Info.plist;
				LD_RUNPATH_SEARCH_PATHS = (
					"$(inherited)",
					"@executable_path/Frameworks",
					"@loader_path/Frameworks",
				);
				PRODUCT_BUNDLE_IDENTIFIER = com.jayden.MusicAppUITests;
				PRODUCT_NAME = "$(TARGET_NAME)";
				SWIFT_VERSION = 5.0;
				TARGETED_DEVICE_FAMILY = "1,2";
				TEST_TARGET_NAME = MusicApp;
			};
			name = Release;
		};
/* End XCBuildConfiguration section */

/* Begin XCConfigurationList section */
		D3EFF5582652AF3B00321DD3 /* Build configuration list for PBXProject "MusicApp" */ = {
			isa = XCConfigurationList;
			buildConfigurations = (
				D3EFF5852652AF3D00321DD3 /* Debug */,
				D3EFF5862652AF3D00321DD3 /* Release */,
			);
			defaultConfigurationIsVisible = 0;
			defaultConfigurationName = Release;
		};
		D3EFF5872652AF3D00321DD3 /* Build configuration list for PBXNativeTarget "MusicApp" */ = {
			isa = XCConfigurationList;
			buildConfigurations = (
				D3EFF5882652AF3D00321DD3 /* Debug */,
				D3EFF5892652AF3D00321DD3 /* Release */,
			);
			defaultConfigurationIsVisible = 0;
			defaultConfigurationName = Release;
		};
		D3EFF58A2652AF3D00321DD3 /* Build configuration list for PBXNativeTarget "MusicAppTests" */ = {
			isa = XCConfigurationList;
			buildConfigurations = (
				D3EFF58B2652AF3D00321DD3 /* Debug */,
				D3EFF58C2652AF3D00321DD3 /* Release */,
			);
			defaultConfigurationIsVisible = 0;
			defaultConfigurationName = Release;
		};
		D3EFF58D2652AF3D00321DD3 /* Build configuration list for PBXNativeTarget "MusicAppUITests" */ = {
			isa = XCConfigurationList;
			buildConfigurations = (
				D3EFF58E2652AF3D00321DD3 /* Debug */,
				D3EFF58F2652AF3D00321DD3 /* Release */,
			);
			defaultConfigurationIsVisible = 0;
			defaultConfigurationName = Release;
		};
/* End XCConfigurationList section */
	};
	rootObject = D3EFF5552652AF3B00321DD3 /* Project object */;
}
